
Microsoft Visual Studio Solution File, Format Version 12.00
# Visual Studio Version 17
VisualStudioVersion = 17.2.32602.215
MinimumVisualStudioVersion = 10.0.40219.1
Project("{FAE04EC0-301F-11D3-BF4B-00C04F79EFBC}") = "StudetDatabase", "StudetDatabase\StudetDatabase.csproj", "{06C44D3A-C98F-4963-9B7E-8E61B8B94FCA}"
EndProject
Global
	GlobalSection(SolutionConfigurationPlatforms) = preSolution
		Debug|Any CPU = Debug|Any CPU
		Release|Any CPU = Release|Any CPU
	EndGlobalSection
	GlobalSection(ProjectConfigurationPlatforms) = postSolution
		{06C44D3A-C98F-4963-9B7E-8E61B8B94FCA}.Debug|Any CPU.ActiveCfg = Debug|Any CPU
		{06C44D3A-C98F-4963-9B7E-8E61B8B94FCA}.Debug|Any CPU.Build.0 = Debug|Any CPU
		{06C44D3A-C98F-4963-9B7E-8E61B8B94FCA}.Release|Any CPU.ActiveCfg = Release|Any CPU
		{06C44D3A-C98F-4963-9B7E-8E61B8B94FCA}.Release|Any CPU.Build.0 = Release|Any CPU
	EndGlobalSection
	GlobalSection(SolutionProperties) = preSolution
		HideSolutionNode = FALSE
	EndGlobalSection
	GlobalSection(ExtensibilityGlobals) = postSolution
		SolutionGuid = {A6B98ED4-35C3-4232-A295-ECD167553292}
	EndGlobalSection
EndGlobal
